
Microsoft Visual Studio Solution File, Format Version 12.00
# Visual Studio Version 17
VisualStudioVersion = 17.8.34525.116
MinimumVisualStudioVersion = 10.0.40219.1
Project("{FAE04EC0-301F-11D3-BF4B-00C04F79EFBC}") = "HealthCheckAPI", "HealthCheckAPI\HealthCheckAPI.csproj", "{EAEE01ED-30A8-47A0-86F5-F430B7209ACF}"
EndProject
Global
	GlobalSection(SolutionConfigurationPlatforms) = preSolution
		Debug|Any CPU = Debug|Any CPU
		Release|Any CPU = Release|Any CPU
	EndGlobalSection
	GlobalSection(ProjectConfigurationPlatforms) = postSolution
		{EAEE01ED-30A8-47A0-86F5-F430B7209ACF}.Debug|Any CPU.ActiveCfg = Debug|Any CPU
		{EAEE01ED-30A8-47A0-86F5-F430B7209ACF}.Debug|Any CPU.Build.0 = Debug|Any CPU
		{EAEE01ED-30A8-47A0-86F5-F430B7209ACF}.Release|Any CPU.ActiveCfg = Release|Any CPU
		{EAEE01ED-30A8-47A0-86F5-F430B7209ACF}.Release|Any CPU.Build.0 = Release|Any CPU
	EndGlobalSection
	GlobalSection(SolutionProperties) = preSolution
		HideSolutionNode = FALSE
	EndGlobalSection
	GlobalSection(ExtensibilityGlobals) = postSolution
		SolutionGuid = {4028A4CC-343F-4059-B016-B2286CE6959E}
	EndGlobalSection
EndGlobal
